{
  "name": "gatsby-remark-line-break",
  "version": "1.0.0",
  "lockfileVersion": 1,
  "requires": true,
  "dependencies": {
    "remark-breaks": {
      "version": "1.0.2",
      "resolved": "https://registry.npmjs.org/remark-breaks/-/remark-breaks-1.0.2.tgz",
      "integrity": "sha512-oVEmI9PH6RihPT84xWw1Z39CbaFRszEVQjlw+T1Di6bKp/RDO/QaLtMB5rrGmClKVoJsv/CYVivGsAdznsDiMA=="
    }
  }
}
